
Microsoft Visual Studio Solution File, Format Version 12.00
# Visual Studio 2012
Project("{FAE04EC0-301F-11D3-BF4B-00C04F79EFBC}") = "AyudarXAyudar", "AyudarXAyudar\AyudarXAyudar.csproj", "{2C526F84-7AE4-4CF8-8B0C-2056EDA122F1}"
EndProject
Project("{FAE04EC0-301F-11D3-BF4B-00C04F79EFBC}") = "AyudarXAyudar.Tests", "AyudarXAyudar.Tests\AyudarXAyudar.Tests.csproj", "{548CA5D9-F786-4215-86EC-69BD6E3EE456}"
EndProject
Global
	GlobalSection(SolutionConfigurationPlatforms) = preSolution
		Debug|Any CPU = Debug|Any CPU
		Release|Any CPU = Release|Any CPU
	EndGlobalSection
	GlobalSection(ProjectConfigurationPlatforms) = postSolution
		{2C526F84-7AE4-4CF8-8B0C-2056EDA122F1}.Debug|Any CPU.ActiveCfg = Debug|Any CPU
		{2C526F84-7AE4-4CF8-8B0C-2056EDA122F1}.Debug|Any CPU.Build.0 = Debug|Any CPU
		{2C526F84-7AE4-4CF8-8B0C-2056EDA122F1}.Release|Any CPU.ActiveCfg = Release|Any CPU
		{2C526F84-7AE4-4CF8-8B0C-2056EDA122F1}.Release|Any CPU.Build.0 = Release|Any CPU
		{548CA5D9-F786-4215-86EC-69BD6E3EE456}.Debug|Any CPU.ActiveCfg = Debug|Any CPU
		{548CA5D9-F786-4215-86EC-69BD6E3EE456}.Debug|Any CPU.Build.0 = Debug|Any CPU
		{548CA5D9-F786-4215-86EC-69BD6E3EE456}.Release|Any CPU.ActiveCfg = Release|Any CPU
		{548CA5D9-F786-4215-86EC-69BD6E3EE456}.Release|Any CPU.Build.0 = Release|Any CPU
	EndGlobalSection
	GlobalSection(SolutionProperties) = preSolution
		HideSolutionNode = FALSE
	EndGlobalSection
EndGlobal
